
Microsoft Visual Studio Solution File, Format Version 12.00
# Visual Studio Version 17
VisualStudioVersion = 17.14.36414.22
MinimumVisualStudioVersion = 10.0.40219.1
Project("{2150E333-8FDC-42A3-9474-1A3956D46DE8}") = "Task0", "Task0", "{02EA681E-C7D8-13C7-8484-4AC65E1B71E8}"
EndProject
Project("{FAE04EC0-301F-11D3-BF4B-00C04F79EFBC}") = "Tyuiu.BabenkovTO.Sprint5.Task0.V16", "Tyuiu.BabenkovTO.Sprint5.Task0.V16\Tyuiu.BabenkovTO.Sprint5.Task0.V16.csproj", "{073A61EB-7427-4AB7-9CD1-DADC7F5E1EA9}"
EndProject
Project("{FAE04EC0-301F-11D3-BF4B-00C04F79EFBC}") = "Tyuiu.BabenkovTO.Sprint5.Task0.V16.Lib", "Tyuiu.BabenkovTO.Sprint5.Task0.V16.Lib\Tyuiu.BabenkovTO.Sprint5.Task0.V16.Lib.csproj", "{7EC784AC-797D-4D63-9525-51C74D282AC6}"
EndProject
Project("{FAE04EC0-301F-11D3-BF4B-00C04F79EFBC}") = "Tyuiu.BabenkovTO.Sprint5.Task0.V16.Test", "Tyuiu.BabenkovTO.Sprint5.Task0.V16.Test\Tyuiu.BabenkovTO.Sprint5.Task0.V16.Test.csproj", "{651BFC79-B120-4ED4-9C3E-A60047496027}"
EndProject
Project("{2150E333-8FDC-42A3-9474-1A3956D46DE8}") = "Task1", "Task1", "{748B3606-4626-4637-AFBE-5668E6CAAF25}"
EndProject
Project("{FAE04EC0-301F-11D3-BF4B-00C04F79EFBC}") = "Tyuiu.BabenkovTO.Sprint5.Task1.V25", "Tyuiu.BabenkovTO.Sprint5.Task1.V25\Tyuiu.BabenkovTO.Sprint5.Task1.V25.csproj", "{43DFA2CC-085B-42C1-B7EF-17744CD24B89}"
EndProject
Project("{FAE04EC0-301F-11D3-BF4B-00C04F79EFBC}") = "Tyuiu.BabenkovTO.Sprint5.Task1.V25.Lib", "Tyuiu.BabenkovTO.Sprint5.Task1.V25.Lib\Tyuiu.BabenkovTO.Sprint5.Task1.V25.Lib.csproj", "{B85ACD0D-8A81-45CC-A76D-CC6E41CEB6EF}"
EndProject
Project("{FAE04EC0-301F-11D3-BF4B-00C04F79EFBC}") = "Tyuiu.BabenkovTO.Sprint5.Task1.V25.Test", "Tyuiu.BabenkovTO.Sprint5.Task1.V25.Test\Tyuiu.BabenkovTO.Sprint5.Task1.V25.Test.csproj", "{80B9C26E-B913-4643-870C-98435D469EFD}"
EndProject
Project("{2150E333-8FDC-42A3-9474-1A3956D46DE8}") = "Task2", "Task2", "{0B0DE894-42E2-40F8-ABF6-64B1D638DAB0}"
EndProject
Project("{FAE04EC0-301F-11D3-BF4B-00C04F79EFBC}") = "Tyuiu.BabenkovTO.Sprint5.Task2.V28", "Tyuiu.BabenkovTO.Sprint5.Task2.V28\Tyuiu.BabenkovTO.Sprint5.Task2.V28.csproj", "{8940D533-74BE-4707-9D13-B9AB3B7DF940}"
EndProject
Project("{FAE04EC0-301F-11D3-BF4B-00C04F79EFBC}") = "Tyuiu.BabenkovTO.Sprint5.Task2.V28.Lib", "Tyuiu.BabenkovTO.Sprint5.Task2.V28.Lib\Tyuiu.BabenkovTO.Sprint5.Task2.V28.Lib.csproj", "{99C20703-4FA9-4048-AD85-3ECEB90865B6}"
EndProject
Project("{FAE04EC0-301F-11D3-BF4B-00C04F79EFBC}") = "Tyuiu.BabenkovTO.Sprint5.Task2.V28.Test", "Tyuiu.BabenkovTO.Sprint5.Task2.V28.Test\Tyuiu.BabenkovTO.Sprint5.Task2.V28.Test.csproj", "{B00E6821-A2BB-4B1F-85E1-77FD8DA65B37}"
EndProject
Global
	GlobalSection(SolutionConfigurationPlatforms) = preSolution
		Debug|Any CPU = Debug|Any CPU
		Release|Any CPU = Release|Any CPU
	EndGlobalSection
	GlobalSection(ProjectConfigurationPlatforms) = postSolution
		{073A61EB-7427-4AB7-9CD1-DADC7F5E1EA9}.Debug|Any CPU.ActiveCfg = Debug|Any CPU
		{073A61EB-7427-4AB7-9CD1-DADC7F5E1EA9}.Debug|Any CPU.Build.0 = Debug|Any CPU
		{073A61EB-7427-4AB7-9CD1-DADC7F5E1EA9}.Release|Any CPU.ActiveCfg = Release|Any CPU
		{073A61EB-7427-4AB7-9CD1-DADC7F5E1EA9}.Release|Any CPU.Build.0 = Release|Any CPU
		{7EC784AC-797D-4D63-9525-51C74D282AC6}.Debug|Any CPU.ActiveCfg = Debug|Any CPU
		{7EC784AC-797D-4D63-9525-51C74D282AC6}.Debug|Any CPU.Build.0 = Debug|Any CPU
		{7EC784AC-797D-4D63-9525-51C74D282AC6}.Release|Any CPU.ActiveCfg = Release|Any CPU
		{7EC784AC-797D-4D63-9525-51C74D282AC6}.Release|Any CPU.Build.0 = Release|Any CPU
		{651BFC79-B120-4ED4-9C3E-A60047496027}.Debug|Any CPU.ActiveCfg = Debug|Any CPU
		{651BFC79-B120-4ED4-9C3E-A60047496027}.Debug|Any CPU.Build.0 = Debug|Any CPU
		{651BFC79-B120-4ED4-9C3E-A60047496027}.Release|Any CPU.ActiveCfg = Release|Any CPU
		{651BFC79-B120-4ED4-9C3E-A60047496027}.Release|Any CPU.Build.0 = Release|Any CPU
		{43DFA2CC-085B-42C1-B7EF-17744CD24B89}.Debug|Any CPU.ActiveCfg = Debug|Any CPU
		{43DFA2CC-085B-42C1-B7EF-17744CD24B89}.Debug|Any CPU.Build.0 = Debug|Any CPU
		{43DFA2CC-085B-42C1-B7EF-17744CD24B89}.Release|Any CPU.ActiveCfg = Release|Any CPU
		{43DFA2CC-085B-42C1-B7EF-17744CD24B89}.Release|Any CPU.Build.0 = Release|Any CPU
		{B85ACD0D-8A81-45CC-A76D-CC6E41CEB6EF}.Debug|Any CPU.ActiveCfg = Debug|Any CPU
		{B85ACD0D-8A81-45CC-A76D-CC6E41CEB6EF}.Debug|Any CPU.Build.0 = Debug|Any CPU
		{B85ACD0D-8A81-45CC-A76D-CC6E41CEB6EF}.Release|Any CPU.ActiveCfg = Release|Any CPU
		{B85ACD0D-8A81-45CC-A76D-CC6E41CEB6EF}.Release|Any CPU.Build.0 = Release|Any CPU
		{80B9C26E-B913-4643-870C-98435D469EFD}.Debug|Any CPU.ActiveCfg = Debug|Any CPU
		{80B9C26E-B913-4643-870C-98435D469EFD}.Debug|Any CPU.Build.0 = Debug|Any CPU
		{80B9C26E-B913-4643-870C-98435D469EFD}.Release|Any CPU.ActiveCfg = Release|Any CPU
		{80B9C26E-B913-4643-870C-98435D469EFD}.Release|Any CPU.Build.0 = Release|Any CPU
		{8940D533-74BE-4707-9D13-B9AB3B7DF940}.Debug|Any CPU.ActiveCfg = Debug|Any CPU
		{8940D533-74BE-4707-9D13-B9AB3B7DF940}.Debug|Any CPU.Build.0 = Debug|Any CPU
		{8940D533-74BE-4707-9D13-B9AB3B7DF940}.Release|Any CPU.ActiveCfg = Release|Any CPU
		{8940D533-74BE-4707-9D13-B9AB3B7DF940}.Release|Any CPU.Build.0 = Release|Any CPU
		{99C20703-4FA9-4048-AD85-3ECEB90865B6}.Debug|Any CPU.ActiveCfg = Debug|Any CPU
		{99C20703-4FA9-4048-AD85-3ECEB90865B6}.Debug|Any CPU.Build.0 = Debug|Any CPU
		{99C20703-4FA9-4048-AD85-3ECEB90865B6}.Release|Any CPU.ActiveCfg = Release|Any CPU
		{99C20703-4FA9-4048-AD85-3ECEB90865B6}.Release|Any CPU.Build.0 = Release|Any CPU
		{B00E6821-A2BB-4B1F-85E1-77FD8DA65B37}.Debug|Any CPU.ActiveCfg = Debug|Any CPU
		{B00E6821-A2BB-4B1F-85E1-77FD8DA65B37}.Debug|Any CPU.Build.0 = Debug|Any CPU
		{B00E6821-A2BB-4B1F-85E1-77FD8DA65B37}.Release|Any CPU.ActiveCfg = Release|Any CPU
		{B00E6821-A2BB-4B1F-85E1-77FD8DA65B37}.Release|Any CPU.Build.0 = Release|Any CPU
	EndGlobalSection
	GlobalSection(SolutionProperties) = preSolution
		HideSolutionNode = FALSE
	EndGlobalSection
	GlobalSection(NestedProjects) = preSolution
		{073A61EB-7427-4AB7-9CD1-DADC7F5E1EA9} = {02EA681E-C7D8-13C7-8484-4AC65E1B71E8}
		{7EC784AC-797D-4D63-9525-51C74D282AC6} = {02EA681E-C7D8-13C7-8484-4AC65E1B71E8}
		{651BFC79-B120-4ED4-9C3E-A60047496027} = {02EA681E-C7D8-13C7-8484-4AC65E1B71E8}
		{43DFA2CC-085B-42C1-B7EF-17744CD24B89} = {748B3606-4626-4637-AFBE-5668E6CAAF25}
		{B85ACD0D-8A81-45CC-A76D-CC6E41CEB6EF} = {748B3606-4626-4637-AFBE-5668E6CAAF25}
		{80B9C26E-B913-4643-870C-98435D469EFD} = {748B3606-4626-4637-AFBE-5668E6CAAF25}
		{8940D533-74BE-4707-9D13-B9AB3B7DF940} = {0B0DE894-42E2-40F8-ABF6-64B1D638DAB0}
		{99C20703-4FA9-4048-AD85-3ECEB90865B6} = {0B0DE894-42E2-40F8-ABF6-64B1D638DAB0}
		{B00E6821-A2BB-4B1F-85E1-77FD8DA65B37} = {0B0DE894-42E2-40F8-ABF6-64B1D638DAB0}
	EndGlobalSection
	GlobalSection(ExtensibilityGlobals) = postSolution
		SolutionGuid = {18567868-D8EF-4E0B-BED6-0B291191BC29}
	EndGlobalSection
EndGlobal
