
Microsoft Visual Studio Solution File, Format Version 12.00
# Visual Studio Version 17
VisualStudioVersion = 17.14.36414.22
MinimumVisualStudioVersion = 10.0.40219.1
Project("{2150E333-8FDC-42A3-9474-1A3956D46DE8}") = "Task0", "Task0", "{02EA681E-C7D8-13C7-8484-4AC65E1B71E8}"
EndProject
Project("{FAE04EC0-301F-11D3-BF4B-00C04F79EFBC}") = "Tyuiu.BabenkovTO.Sprint5.Task0.V16", "Tyuiu.BabenkovTO.Sprint5.Task0.V16\Tyuiu.BabenkovTO.Sprint5.Task0.V16.csproj", "{073A61EB-7427-4AB7-9CD1-DADC7F5E1EA9}"
EndProject
Project("{FAE04EC0-301F-11D3-BF4B-00C04F79EFBC}") = "Tyuiu.BabenkovTO.Sprint5.Task0.V16.Lib", "Tyuiu.BabenkovTO.Sprint5.Task0.V16.Lib\Tyuiu.BabenkovTO.Sprint5.Task0.V16.Lib.csproj", "{7EC784AC-797D-4D63-9525-51C74D282AC6}"
EndProject
Project("{FAE04EC0-301F-11D3-BF4B-00C04F79EFBC}") = "Tyuiu.BabenkovTO.Sprint5.Task0.V16.Test", "Tyuiu.BabenkovTO.Sprint5.Task0.V16.Test\Tyuiu.BabenkovTO.Sprint5.Task0.V16.Test.csproj", "{651BFC79-B120-4ED4-9C3E-A60047496027}"
EndProject
Project("{2150E333-8FDC-42A3-9474-1A3956D46DE8}") = "Task1", "Task1", "{748B3606-4626-4637-AFBE-5668E6CAAF25}"
EndProject
Project("{FAE04EC0-301F-11D3-BF4B-00C04F79EFBC}") = "Tyuiu.BabenkovTO.Sprint5.Task1.V25", "Tyuiu.BabenkovTO.Sprint5.Task1.V25\Tyuiu.BabenkovTO.Sprint5.Task1.V25.csproj", "{43DFA2CC-085B-42C1-B7EF-17744CD24B89}"
EndProject
Project("{FAE04EC0-301F-11D3-BF4B-00C04F79EFBC}") = "Tyuiu.BabenkovTO.Sprint5.Task1.V25.Lib", "Tyuiu.BabenkovTO.Sprint5.Task1.V25.Lib\Tyuiu.BabenkovTO.Sprint5.Task1.V25.Lib.csproj", "{B85ACD0D-8A81-45CC-A76D-CC6E41CEB6EF}"
EndProject
Project("{FAE04EC0-301F-11D3-BF4B-00C04F79EFBC}") = "Tyuiu.BabenkovTO.Sprint5.Task1.V25.Test", "Tyuiu.BabenkovTO.Sprint5.Task1.V25.Test\Tyuiu.BabenkovTO.Sprint5.Task1.V25.Test.csproj", "{80B9C26E-B913-4643-870C-98435D469EFD}"
EndProject
Project("{2150E333-8FDC-42A3-9474-1A3956D46DE8}") = "Task2", "Task2", "{0B0DE894-42E2-40F8-ABF6-64B1D638DAB0}"
EndProject
Project("{FAE04EC0-301F-11D3-BF4B-00C04F79EFBC}") = "Tyuiu.BabenkovTO.Sprint5.Task2.V28", "Tyuiu.BabenkovTO.Sprint5.Task2.V28\Tyuiu.BabenkovTO.Sprint5.Task2.V28.csproj", "{8940D533-74BE-4707-9D13-B9AB3B7DF940}"
EndProject
Project("{FAE04EC0-301F-11D3-BF4B-00C04F79EFBC}") = "Tyuiu.BabenkovTO.Sprint5.Task2.V28.Lib", "Tyuiu.BabenkovTO.Sprint5.Task2.V28.Lib\Tyuiu.BabenkovTO.Sprint5.Task2.V28.Lib.csproj", "{99C20703-4FA9-4048-AD85-3ECEB90865B6}"
EndProject
Project("{FAE04EC0-301F-11D3-BF4B-00C04F79EFBC}") = "Tyuiu.BabenkovTO.Sprint5.Task2.V28.Test", "Tyuiu.BabenkovTO.Sprint5.Task2.V28.Test\Tyuiu.BabenkovTO.Sprint5.Task2.V28.Test.csproj", "{B00E6821-A2BB-4B1F-85E1-77FD8DA65B37}"
EndProject
Project("{2150E333-8FDC-42A3-9474-1A3956D46DE8}") = "Task3", "Task3", "{B8C74F7A-18F2-4C9E-BF41-198D62D892A3}"
EndProject
Project("{FAE04EC0-301F-11D3-BF4B-00C04F79EFBC}") = "Tyuiu.BabenkovTO.Sprint5.Task3.V11", "Tyuiu.BabenkovTO.Sprint5.Task3.V11\Tyuiu.BabenkovTO.Sprint5.Task3.V11.csproj", "{8A42269B-94A2-4ADE-B39C-8AC4F63E848A}"
EndProject
Project("{FAE04EC0-301F-11D3-BF4B-00C04F79EFBC}") = "Tyuiu.BabenkovTO.Sprint5.Task3.V11.Lib", "Tyuiu.BabenkovTO.Sprint5.Task3.V11.Lib\Tyuiu.BabenkovTO.Sprint5.Task3.V11.Lib.csproj", "{6F4687A8-2D08-47A8-9C01-A7D518905135}"
EndProject
Project("{FAE04EC0-301F-11D3-BF4B-00C04F79EFBC}") = "Tyuiu.BabenkovTO.Sprint5.Task3.V11.Test", "Tyuiu.BabenkovTO.Sprint5.Task3.V11.Test\Tyuiu.BabenkovTO.Sprint5.Task3.V11.Test.csproj", "{A8F88253-F4DD-49B3-B01C-A383D4810C5A}"
EndProject
Project("{2150E333-8FDC-42A3-9474-1A3956D46DE8}") = "Task4", "Task4", "{463ECE99-9565-452B-9890-AA327A79DB70}"
EndProject
Project("{FAE04EC0-301F-11D3-BF4B-00C04F79EFBC}") = "Tyuiu.BabenkovTO.Sprint5.Task4.V28", "Tyuiu.BabenkovTO.Sprint5.Task4.V28\Tyuiu.BabenkovTO.Sprint5.Task4.V28.csproj", "{FB0D1FC0-E351-40C7-BC39-D2009E21E2CB}"
EndProject
Project("{FAE04EC0-301F-11D3-BF4B-00C04F79EFBC}") = "Tyuiu.BabenkovTO.Sprint5.Task4.V28.Lib", "Tyuiu.BabenkovTO.Sprint5.Task4.V28.Lib\Tyuiu.BabenkovTO.Sprint5.Task4.V28.Lib.csproj", "{57AD6266-542D-4804-B9CC-54C08D8AE4F5}"
EndProject
Project("{FAE04EC0-301F-11D3-BF4B-00C04F79EFBC}") = "Tyuiu.BabenkovTO.Sprint5.Task4.V28.Test", "Tyuiu.BabenkovTO.Sprint5.Task4.V28.Test\Tyuiu.BabenkovTO.Sprint5.Task4.V28.Test.csproj", "{887E2802-66E1-4C44-991F-5AB7FC7257A9}"
EndProject
Project("{2150E333-8FDC-42A3-9474-1A3956D46DE8}") = "Task5", "Task5", "{91CE50D7-F962-49B0-AAF1-E0DB13D70686}"
EndProject
Project("{FAE04EC0-301F-11D3-BF4B-00C04F79EFBC}") = "Tyuiu.BabenkovTO.Sprint5.Task5.V16", "Tyuiu.BabenkovTO.Sprint5.Task5.V16\Tyuiu.BabenkovTO.Sprint5.Task5.V16.csproj", "{931B83AC-EF3B-41FD-9BC5-1A263D25BD10}"
EndProject
Project("{FAE04EC0-301F-11D3-BF4B-00C04F79EFBC}") = "Tyuiu.BabenkovTO.Sprint5.Task5.V16.Lib", "Tyuiu.BabenkovTO.Sprint5.Task5.V16.Lib\Tyuiu.BabenkovTO.Sprint5.Task5.V16.Lib.csproj", "{A2D9875B-DC27-41D7-95AF-70CE77E36C01}"
EndProject
Project("{FAE04EC0-301F-11D3-BF4B-00C04F79EFBC}") = "Tyuiu.BabenkovTO.Sprint5.Task5.V16.Test", "Tyuiu.BabenkovTO.Sprint5.Task5.V16.Test\Tyuiu.BabenkovTO.Sprint5.Task5.V16.Test.csproj", "{F9ECF794-92A7-4E29-8232-28B0B2C38F51}"
EndProject
Project("{2150E333-8FDC-42A3-9474-1A3956D46DE8}") = "Task6", "Task6", "{F28D1D47-3302-4E29-B058-DA80E3EE645E}"
EndProject
Project("{FAE04EC0-301F-11D3-BF4B-00C04F79EFBC}") = "Tyuiu.BabenkovTO.Sprint5.Task6.V19", "Tyuiu.BabenkovTO.Sprint5.Task6.V19\Tyuiu.BabenkovTO.Sprint5.Task6.V19.csproj", "{89EC4981-F6F3-4F37-9D7A-F01720E0719E}"
EndProject
Project("{FAE04EC0-301F-11D3-BF4B-00C04F79EFBC}") = "Tyuiu.BabenkovTO.Sprint5.Task6.V19.Lib", "Tyuiu.BabenkovTO.Sprint5.Task6.V19.Lib\Tyuiu.BabenkovTO.Sprint5.Task6.V19.Lib.csproj", "{FDF6B01B-5ECE-4AB2-9C1F-0051702F0062}"
EndProject
Project("{FAE04EC0-301F-11D3-BF4B-00C04F79EFBC}") = "Tyuiu.BabenkovTO.Sprint5.Task6.V19.Test", "Tyuiu.BabenkovTO.Sprint5.Task6.V19.Test\Tyuiu.BabenkovTO.Sprint5.Task6.V19.Test.csproj", "{DD5119AC-27D4-4B2B-BD02-1FF387DF1FE2}"
EndProject
Project("{2150E333-8FDC-42A3-9474-1A3956D46DE8}") = "Task7", "Task7", "{5B9758F6-F8D4-4CD1-9CE6-2377B68DB07C}"
EndProject
Project("{FAE04EC0-301F-11D3-BF4B-00C04F79EFBC}") = "Tyuiu.BabenkovTO.Sprint5.Task7.V18", "Tyuiu.BabenkovTO.Sprint5.Task7.V18\Tyuiu.BabenkovTO.Sprint5.Task7.V18.csproj", "{803CE6F0-2CBA-4BE9-84B5-FDF2A7E3DDE4}"
EndProject
Project("{FAE04EC0-301F-11D3-BF4B-00C04F79EFBC}") = "Tyuiu.BabenkovTO.Sprint5.Task7.V18.Lib", "Tyuiu.BabenkovTO.Sprint5.Task7.V18.Lib\Tyuiu.BabenkovTO.Sprint5.Task7.V18.Lib.csproj", "{BB598A4E-5E50-4F18-9A96-1929C9B25439}"
EndProject
Project("{FAE04EC0-301F-11D3-BF4B-00C04F79EFBC}") = "Tyuiu.BabenkovTO.Sprint5.Task7.V18.Test", "Tyuiu.BabenkovTO.Sprint5.Task7.V18.Test\Tyuiu.BabenkovTO.Sprint5.Task7.V18.Test.csproj", "{2AB7CD9A-34A3-4B84-A55F-8BA3212B994C}"
EndProject
Global
	GlobalSection(SolutionConfigurationPlatforms) = preSolution
		Debug|Any CPU = Debug|Any CPU
		Release|Any CPU = Release|Any CPU
	EndGlobalSection
	GlobalSection(ProjectConfigurationPlatforms) = postSolution
		{073A61EB-7427-4AB7-9CD1-DADC7F5E1EA9}.Debug|Any CPU.ActiveCfg = Debug|Any CPU
		{073A61EB-7427-4AB7-9CD1-DADC7F5E1EA9}.Debug|Any CPU.Build.0 = Debug|Any CPU
		{073A61EB-7427-4AB7-9CD1-DADC7F5E1EA9}.Release|Any CPU.ActiveCfg = Release|Any CPU
		{073A61EB-7427-4AB7-9CD1-DADC7F5E1EA9}.Release|Any CPU.Build.0 = Release|Any CPU
		{7EC784AC-797D-4D63-9525-51C74D282AC6}.Debug|Any CPU.ActiveCfg = Debug|Any CPU
		{7EC784AC-797D-4D63-9525-51C74D282AC6}.Debug|Any CPU.Build.0 = Debug|Any CPU
		{7EC784AC-797D-4D63-9525-51C74D282AC6}.Release|Any CPU.ActiveCfg = Release|Any CPU
		{7EC784AC-797D-4D63-9525-51C74D282AC6}.Release|Any CPU.Build.0 = Release|Any CPU
		{651BFC79-B120-4ED4-9C3E-A60047496027}.Debug|Any CPU.ActiveCfg = Debug|Any CPU
		{651BFC79-B120-4ED4-9C3E-A60047496027}.Debug|Any CPU.Build.0 = Debug|Any CPU
		{651BFC79-B120-4ED4-9C3E-A60047496027}.Release|Any CPU.ActiveCfg = Release|Any CPU
		{651BFC79-B120-4ED4-9C3E-A60047496027}.Release|Any CPU.Build.0 = Release|Any CPU
		{43DFA2CC-085B-42C1-B7EF-17744CD24B89}.Debug|Any CPU.ActiveCfg = Debug|Any CPU
		{43DFA2CC-085B-42C1-B7EF-17744CD24B89}.Debug|Any CPU.Build.0 = Debug|Any CPU
		{43DFA2CC-085B-42C1-B7EF-17744CD24B89}.Release|Any CPU.ActiveCfg = Release|Any CPU
		{43DFA2CC-085B-42C1-B7EF-17744CD24B89}.Release|Any CPU.Build.0 = Release|Any CPU
		{B85ACD0D-8A81-45CC-A76D-CC6E41CEB6EF}.Debug|Any CPU.ActiveCfg = Debug|Any CPU
		{B85ACD0D-8A81-45CC-A76D-CC6E41CEB6EF}.Debug|Any CPU.Build.0 = Debug|Any CPU
		{B85ACD0D-8A81-45CC-A76D-CC6E41CEB6EF}.Release|Any CPU.ActiveCfg = Release|Any CPU
		{B85ACD0D-8A81-45CC-A76D-CC6E41CEB6EF}.Release|Any CPU.Build.0 = Release|Any CPU
		{80B9C26E-B913-4643-870C-98435D469EFD}.Debug|Any CPU.ActiveCfg = Debug|Any CPU
		{80B9C26E-B913-4643-870C-98435D469EFD}.Debug|Any CPU.Build.0 = Debug|Any CPU
		{80B9C26E-B913-4643-870C-98435D469EFD}.Release|Any CPU.ActiveCfg = Release|Any CPU
		{80B9C26E-B913-4643-870C-98435D469EFD}.Release|Any CPU.Build.0 = Release|Any CPU
		{8940D533-74BE-4707-9D13-B9AB3B7DF940}.Debug|Any CPU.ActiveCfg = Debug|Any CPU
		{8940D533-74BE-4707-9D13-B9AB3B7DF940}.Debug|Any CPU.Build.0 = Debug|Any CPU
		{8940D533-74BE-4707-9D13-B9AB3B7DF940}.Release|Any CPU.ActiveCfg = Release|Any CPU
		{8940D533-74BE-4707-9D13-B9AB3B7DF940}.Release|Any CPU.Build.0 = Release|Any CPU
		{99C20703-4FA9-4048-AD85-3ECEB90865B6}.Debug|Any CPU.ActiveCfg = Debug|Any CPU
		{99C20703-4FA9-4048-AD85-3ECEB90865B6}.Debug|Any CPU.Build.0 = Debug|Any CPU
		{99C20703-4FA9-4048-AD85-3ECEB90865B6}.Release|Any CPU.ActiveCfg = Release|Any CPU
		{99C20703-4FA9-4048-AD85-3ECEB90865B6}.Release|Any CPU.Build.0 = Release|Any CPU
		{B00E6821-A2BB-4B1F-85E1-77FD8DA65B37}.Debug|Any CPU.ActiveCfg = Debug|Any CPU
		{B00E6821-A2BB-4B1F-85E1-77FD8DA65B37}.Debug|Any CPU.Build.0 = Debug|Any CPU
		{B00E6821-A2BB-4B1F-85E1-77FD8DA65B37}.Release|Any CPU.ActiveCfg = Release|Any CPU
		{B00E6821-A2BB-4B1F-85E1-77FD8DA65B37}.Release|Any CPU.Build.0 = Release|Any CPU
		{8A42269B-94A2-4ADE-B39C-8AC4F63E848A}.Debug|Any CPU.ActiveCfg = Debug|Any CPU
		{8A42269B-94A2-4ADE-B39C-8AC4F63E848A}.Debug|Any CPU.Build.0 = Debug|Any CPU
		{8A42269B-94A2-4ADE-B39C-8AC4F63E848A}.Release|Any CPU.ActiveCfg = Release|Any CPU
		{8A42269B-94A2-4ADE-B39C-8AC4F63E848A}.Release|Any CPU.Build.0 = Release|Any CPU
		{6F4687A8-2D08-47A8-9C01-A7D518905135}.Debug|Any CPU.ActiveCfg = Debug|Any CPU
		{6F4687A8-2D08-47A8-9C01-A7D518905135}.Debug|Any CPU.Build.0 = Debug|Any CPU
		{6F4687A8-2D08-47A8-9C01-A7D518905135}.Release|Any CPU.ActiveCfg = Release|Any CPU
		{6F4687A8-2D08-47A8-9C01-A7D518905135}.Release|Any CPU.Build.0 = Release|Any CPU
		{A8F88253-F4DD-49B3-B01C-A383D4810C5A}.Debug|Any CPU.ActiveCfg = Debug|Any CPU
		{A8F88253-F4DD-49B3-B01C-A383D4810C5A}.Debug|Any CPU.Build.0 = Debug|Any CPU
		{A8F88253-F4DD-49B3-B01C-A383D4810C5A}.Release|Any CPU.ActiveCfg = Release|Any CPU
		{A8F88253-F4DD-49B3-B01C-A383D4810C5A}.Release|Any CPU.Build.0 = Release|Any CPU
		{FB0D1FC0-E351-40C7-BC39-D2009E21E2CB}.Debug|Any CPU.ActiveCfg = Debug|Any CPU
		{FB0D1FC0-E351-40C7-BC39-D2009E21E2CB}.Debug|Any CPU.Build.0 = Debug|Any CPU
		{FB0D1FC0-E351-40C7-BC39-D2009E21E2CB}.Release|Any CPU.ActiveCfg = Release|Any CPU
		{FB0D1FC0-E351-40C7-BC39-D2009E21E2CB}.Release|Any CPU.Build.0 = Release|Any CPU
		{57AD6266-542D-4804-B9CC-54C08D8AE4F5}.Debug|Any CPU.ActiveCfg = Debug|Any CPU
		{57AD6266-542D-4804-B9CC-54C08D8AE4F5}.Debug|Any CPU.Build.0 = Debug|Any CPU
		{57AD6266-542D-4804-B9CC-54C08D8AE4F5}.Release|Any CPU.ActiveCfg = Release|Any CPU
		{57AD6266-542D-4804-B9CC-54C08D8AE4F5}.Release|Any CPU.Build.0 = Release|Any CPU
		{887E2802-66E1-4C44-991F-5AB7FC7257A9}.Debug|Any CPU.ActiveCfg = Debug|Any CPU
		{887E2802-66E1-4C44-991F-5AB7FC7257A9}.Debug|Any CPU.Build.0 = Debug|Any CPU
		{887E2802-66E1-4C44-991F-5AB7FC7257A9}.Release|Any CPU.ActiveCfg = Release|Any CPU
		{887E2802-66E1-4C44-991F-5AB7FC7257A9}.Release|Any CPU.Build.0 = Release|Any CPU
		{931B83AC-EF3B-41FD-9BC5-1A263D25BD10}.Debug|Any CPU.ActiveCfg = Debug|Any CPU
		{931B83AC-EF3B-41FD-9BC5-1A263D25BD10}.Debug|Any CPU.Build.0 = Debug|Any CPU
		{931B83AC-EF3B-41FD-9BC5-1A263D25BD10}.Release|Any CPU.ActiveCfg = Release|Any CPU
		{931B83AC-EF3B-41FD-9BC5-1A263D25BD10}.Release|Any CPU.Build.0 = Release|Any CPU
		{A2D9875B-DC27-41D7-95AF-70CE77E36C01}.Debug|Any CPU.ActiveCfg = Debug|Any CPU
		{A2D9875B-DC27-41D7-95AF-70CE77E36C01}.Debug|Any CPU.Build.0 = Debug|Any CPU
		{A2D9875B-DC27-41D7-95AF-70CE77E36C01}.Release|Any CPU.ActiveCfg = Release|Any CPU
		{A2D9875B-DC27-41D7-95AF-70CE77E36C01}.Release|Any CPU.Build.0 = Release|Any CPU
		{F9ECF794-92A7-4E29-8232-28B0B2C38F51}.Debug|Any CPU.ActiveCfg = Debug|Any CPU
		{F9ECF794-92A7-4E29-8232-28B0B2C38F51}.Debug|Any CPU.Build.0 = Debug|Any CPU
		{F9ECF794-92A7-4E29-8232-28B0B2C38F51}.Release|Any CPU.ActiveCfg = Release|Any CPU
		{F9ECF794-92A7-4E29-8232-28B0B2C38F51}.Release|Any CPU.Build.0 = Release|Any CPU
		{89EC4981-F6F3-4F37-9D7A-F01720E0719E}.Debug|Any CPU.ActiveCfg = Debug|Any CPU
		{89EC4981-F6F3-4F37-9D7A-F01720E0719E}.Debug|Any CPU.Build.0 = Debug|Any CPU
		{89EC4981-F6F3-4F37-9D7A-F01720E0719E}.Release|Any CPU.ActiveCfg = Release|Any CPU
		{89EC4981-F6F3-4F37-9D7A-F01720E0719E}.Release|Any CPU.Build.0 = Release|Any CPU
		{FDF6B01B-5ECE-4AB2-9C1F-0051702F0062}.Debug|Any CPU.ActiveCfg = Debug|Any CPU
		{FDF6B01B-5ECE-4AB2-9C1F-0051702F0062}.Debug|Any CPU.Build.0 = Debug|Any CPU
		{FDF6B01B-5ECE-4AB2-9C1F-0051702F0062}.Release|Any CPU.ActiveCfg = Release|Any CPU
		{FDF6B01B-5ECE-4AB2-9C1F-0051702F0062}.Release|Any CPU.Build.0 = Release|Any CPU
		{DD5119AC-27D4-4B2B-BD02-1FF387DF1FE2}.Debug|Any CPU.ActiveCfg = Debug|Any CPU
		{DD5119AC-27D4-4B2B-BD02-1FF387DF1FE2}.Debug|Any CPU.Build.0 = Debug|Any CPU
		{DD5119AC-27D4-4B2B-BD02-1FF387DF1FE2}.Release|Any CPU.ActiveCfg = Release|Any CPU
		{DD5119AC-27D4-4B2B-BD02-1FF387DF1FE2}.Release|Any CPU.Build.0 = Release|Any CPU
		{803CE6F0-2CBA-4BE9-84B5-FDF2A7E3DDE4}.Debug|Any CPU.ActiveCfg = Debug|Any CPU
		{803CE6F0-2CBA-4BE9-84B5-FDF2A7E3DDE4}.Debug|Any CPU.Build.0 = Debug|Any CPU
		{803CE6F0-2CBA-4BE9-84B5-FDF2A7E3DDE4}.Release|Any CPU.ActiveCfg = Release|Any CPU
		{803CE6F0-2CBA-4BE9-84B5-FDF2A7E3DDE4}.Release|Any CPU.Build.0 = Release|Any CPU
		{BB598A4E-5E50-4F18-9A96-1929C9B25439}.Debug|Any CPU.ActiveCfg = Debug|Any CPU
		{BB598A4E-5E50-4F18-9A96-1929C9B25439}.Debug|Any CPU.Build.0 = Debug|Any CPU
		{BB598A4E-5E50-4F18-9A96-1929C9B25439}.Release|Any CPU.ActiveCfg = Release|Any CPU
		{BB598A4E-5E50-4F18-9A96-1929C9B25439}.Release|Any CPU.Build.0 = Release|Any CPU
		{2AB7CD9A-34A3-4B84-A55F-8BA3212B994C}.Debug|Any CPU.ActiveCfg = Debug|Any CPU
		{2AB7CD9A-34A3-4B84-A55F-8BA3212B994C}.Debug|Any CPU.Build.0 = Debug|Any CPU
		{2AB7CD9A-34A3-4B84-A55F-8BA3212B994C}.Release|Any CPU.ActiveCfg = Release|Any CPU
		{2AB7CD9A-34A3-4B84-A55F-8BA3212B994C}.Release|Any CPU.Build.0 = Release|Any CPU
	EndGlobalSection
	GlobalSection(SolutionProperties) = preSolution
		HideSolutionNode = FALSE
	EndGlobalSection
	GlobalSection(NestedProjects) = preSolution
		{073A61EB-7427-4AB7-9CD1-DADC7F5E1EA9} = {02EA681E-C7D8-13C7-8484-4AC65E1B71E8}
		{7EC784AC-797D-4D63-9525-51C74D282AC6} = {02EA681E-C7D8-13C7-8484-4AC65E1B71E8}
		{651BFC79-B120-4ED4-9C3E-A60047496027} = {02EA681E-C7D8-13C7-8484-4AC65E1B71E8}
		{43DFA2CC-085B-42C1-B7EF-17744CD24B89} = {748B3606-4626-4637-AFBE-5668E6CAAF25}
		{B85ACD0D-8A81-45CC-A76D-CC6E41CEB6EF} = {748B3606-4626-4637-AFBE-5668E6CAAF25}
		{80B9C26E-B913-4643-870C-98435D469EFD} = {748B3606-4626-4637-AFBE-5668E6CAAF25}
		{8940D533-74BE-4707-9D13-B9AB3B7DF940} = {0B0DE894-42E2-40F8-ABF6-64B1D638DAB0}
		{99C20703-4FA9-4048-AD85-3ECEB90865B6} = {0B0DE894-42E2-40F8-ABF6-64B1D638DAB0}
		{B00E6821-A2BB-4B1F-85E1-77FD8DA65B37} = {0B0DE894-42E2-40F8-ABF6-64B1D638DAB0}
		{8A42269B-94A2-4ADE-B39C-8AC4F63E848A} = {B8C74F7A-18F2-4C9E-BF41-198D62D892A3}
		{6F4687A8-2D08-47A8-9C01-A7D518905135} = {B8C74F7A-18F2-4C9E-BF41-198D62D892A3}
		{A8F88253-F4DD-49B3-B01C-A383D4810C5A} = {B8C74F7A-18F2-4C9E-BF41-198D62D892A3}
		{FB0D1FC0-E351-40C7-BC39-D2009E21E2CB} = {463ECE99-9565-452B-9890-AA327A79DB70}
		{57AD6266-542D-4804-B9CC-54C08D8AE4F5} = {463ECE99-9565-452B-9890-AA327A79DB70}
		{887E2802-66E1-4C44-991F-5AB7FC7257A9} = {463ECE99-9565-452B-9890-AA327A79DB70}
		{931B83AC-EF3B-41FD-9BC5-1A263D25BD10} = {91CE50D7-F962-49B0-AAF1-E0DB13D70686}
		{A2D9875B-DC27-41D7-95AF-70CE77E36C01} = {91CE50D7-F962-49B0-AAF1-E0DB13D70686}
		{F9ECF794-92A7-4E29-8232-28B0B2C38F51} = {91CE50D7-F962-49B0-AAF1-E0DB13D70686}
		{89EC4981-F6F3-4F37-9D7A-F01720E0719E} = {F28D1D47-3302-4E29-B058-DA80E3EE645E}
		{FDF6B01B-5ECE-4AB2-9C1F-0051702F0062} = {F28D1D47-3302-4E29-B058-DA80E3EE645E}
		{DD5119AC-27D4-4B2B-BD02-1FF387DF1FE2} = {F28D1D47-3302-4E29-B058-DA80E3EE645E}
		{803CE6F0-2CBA-4BE9-84B5-FDF2A7E3DDE4} = {5B9758F6-F8D4-4CD1-9CE6-2377B68DB07C}
		{BB598A4E-5E50-4F18-9A96-1929C9B25439} = {5B9758F6-F8D4-4CD1-9CE6-2377B68DB07C}
		{2AB7CD9A-34A3-4B84-A55F-8BA3212B994C} = {5B9758F6-F8D4-4CD1-9CE6-2377B68DB07C}
	EndGlobalSection
	GlobalSection(ExtensibilityGlobals) = postSolution
		SolutionGuid = {18567868-D8EF-4E0B-BED6-0B291191BC29}
	EndGlobalSection
EndGlobal
